// !$*UTF8*$!
{
	archiveVersion = 1;
	classes = {
	};
	objectVersion = 50;
	objects = {

/* Begin PBXBuildFile section */
		972470AF20A27F0000050DF7 /* AppDelegate.swift in Sources */ = {isa = PBXBuildFile; fileRef = 972470AE20A27F0000050DF7 /* AppDelegate.swift */; };
		972470B120A27F0000050DF7 /* ViewController.swift in Sources */ = {isa = PBXBuildFile; fileRef = 972470B020A27F0000050DF7 /* ViewController.swift */; };
		972470B420A27F0000050DF7 /* Main.storyboard in Resources */ = {isa = PBXBuildFile; fileRef = 972470B220A27F0000050DF7 /* Main.storyboard */; };
		972470B620A27F0100050DF7 /* Assets.xcassets in Resources */ = {isa = PBXBuildFile; fileRef = 972470B520A27F0100050DF7 /* Assets.xcassets */; };
		972470B920A27F0100050DF7 /* LaunchScreen.storyboard in Resources */ = {isa = PBXBuildFile; fileRef = 972470B720A27F0100050DF7 /* LaunchScreen.storyboard */; };
		E5568B6F23F1AA5400A3ACBF /* DarkSkyError.swift in Sources */ = {isa = PBXBuildFile; fileRef = E5568B6E23F1AA5400A3ACBF /* DarkSkyError.swift */; };
		E5582E6C23F1B40D0039F5A8 /* DarkSkyApiClient.swift in Sources */ = {isa = PBXBuildFile; fileRef = E5582E6B23F1B40D0039F5A8 /* DarkSkyApiClient.swift */; };
		E5582E6E23F1BBAC0039F5A8 /* Coordinate.swift in Sources */ = {isa = PBXBuildFile; fileRef = E5582E6D23F1BBAC0039F5A8 /* Coordinate.swift */; };
		E5A2F22A23F0D97C0068B7D7 /* CurrentWeather.swift in Sources */ = {isa = PBXBuildFile; fileRef = E5A2F22923F0D97C0068B7D7 /* CurrentWeather.swift */; };
		E5A2F22E23F0DD7A0068B7D7 /* CurrentWeatherViewModel.swift in Sources */ = {isa = PBXBuildFile; fileRef = E5A2F22D23F0DD7A0068B7D7 /* CurrentWeatherViewModel.swift */; };
		E5A2F23023F0FE020068B7D7 /* JSONDownloader.swift in Sources */ = {isa = PBXBuildFile; fileRef = E5A2F22F23F0FE020068B7D7 /* JSONDownloader.swift */; };
/* End PBXBuildFile section */

/* Begin PBXFileReference section */
		972470AB20A27F0000050DF7 /* Stormy.app */ = {isa = PBXFileReference; explicitFileType = wrapper.application; includeInIndex = 0; path = Stormy.app; sourceTree = BUILT_PRODUCTS_DIR; };
		972470AE20A27F0000050DF7 /* AppDelegate.swift */ = {isa = PBXFileReference; lastKnownFileType = sourcecode.swift; path = AppDelegate.swift; sourceTree = "<group>"; };
		972470B020A27F0000050DF7 /* ViewController.swift */ = {isa = PBXFileReference; lastKnownFileType = sourcecode.swift; path = ViewController.swift; sourceTree = "<group>"; };
		972470B320A27F0000050DF7 /* Base */ = {isa = PBXFileReference; lastKnownFileType = file.storyboard; name = Base; path = Base.lproj/Main.storyboard; sourceTree = "<group>"; };
		972470B520A27F0100050DF7 /* Assets.xcassets */ = {isa = PBXFileReference; lastKnownFileType = folder.assetcatalog; path = Assets.xcassets; sourceTree = "<group>"; };
		972470B820A27F0100050DF7 /* Base */ = {isa = PBXFileReference; lastKnownFileType = file.storyboard; name = Base; path = Base.lproj/LaunchScreen.storyboard; sourceTree = "<group>"; };
		972470BA20A27F0100050DF7 /* Info.plist */ = {isa = PBXFileReference; lastKnownFileType = text.plist.xml; path = Info.plist; sourceTree = "<group>"; };
		E5568B6E23F1AA5400A3ACBF /* DarkSkyError.swift */ = {isa = PBXFileReference; lastKnownFileType = sourcecode.swift; path = DarkSkyError.swift; sourceTree = "<group>"; };
		E5582E6B23F1B40D0039F5A8 /* DarkSkyApiClient.swift */ = {isa = PBXFileReference; lastKnownFileType = sourcecode.swift; path = DarkSkyApiClient.swift; sourceTree = "<group>"; };
		E5582E6D23F1BBAC0039F5A8 /* Coordinate.swift */ = {isa = PBXFileReference; lastKnownFileType = sourcecode.swift; path = Coordinate.swift; sourceTree = "<group>"; };
		E5A2F22923F0D97C0068B7D7 /* CurrentWeather.swift */ = {isa = PBXFileReference; lastKnownFileType = sourcecode.swift; path = CurrentWeather.swift; sourceTree = "<group>"; };
		E5A2F22D23F0DD7A0068B7D7 /* CurrentWeatherViewModel.swift */ = {isa = PBXFileReference; lastKnownFileType = sourcecode.swift; path = CurrentWeatherViewModel.swift; sourceTree = "<group>"; };
		E5A2F22F23F0FE020068B7D7 /* JSONDownloader.swift */ = {isa = PBXFileReference; lastKnownFileType = sourcecode.swift; path = JSONDownloader.swift; sourceTree = "<group>"; };
/* End PBXFileReference section */

/* Begin PBXFrameworksBuildPhase section */
		972470A820A27F0000050DF7 /* Frameworks */ = {
			isa = PBXFrameworksBuildPhase;
			buildActionMask = 2147483647;
			files = (
			);
			runOnlyForDeploymentPostprocessing = 0;
		};
/* End PBXFrameworksBuildPhase section */

/* Begin PBXGroup section */
		972470A220A27F0000050DF7 = {
			isa = PBXGroup;
			children = (
				972470AD20A27F0000050DF7 /* Stormy */,
				972470AC20A27F0000050DF7 /* Products */,
			);
			sourceTree = "<group>";
		};
		972470AC20A27F0000050DF7 /* Products */ = {
			isa = PBXGroup;
			children = (
				972470AB20A27F0000050DF7 /* Stormy.app */,
			);
			name = Products;
			sourceTree = "<group>";
		};
		972470AD20A27F0000050DF7 /* Stormy */ = {
			isa = PBXGroup;
			children = (
				972470AE20A27F0000050DF7 /* AppDelegate.swift */,
				E5A2F23323F100FB0068B7D7 /* Data */,
				E5A2F22B23F0D9F50068B7D7 /* Models */,
				E5A2F22C23F0DA000068B7D7 /* Views */,
				972470B220A27F0000050DF7 /* Main.storyboard */,
				972470B520A27F0100050DF7 /* Assets.xcassets */,
				972470B720A27F0100050DF7 /* LaunchScreen.storyboard */,
				972470BA20A27F0100050DF7 /* Info.plist */,
			);
			path = Stormy;
			sourceTree = "<group>";
		};
		E5A2F22B23F0D9F50068B7D7 /* Models */ = {
			isa = PBXGroup;
			children = (
				E5A2F22923F0D97C0068B7D7 /* CurrentWeather.swift */,
				E5A2F22D23F0DD7A0068B7D7 /* CurrentWeatherViewModel.swift */,
			);
			path = Models;
			sourceTree = "<group>";
		};
		E5A2F22C23F0DA000068B7D7 /* Views */ = {
			isa = PBXGroup;
			children = (
				972470B020A27F0000050DF7 /* ViewController.swift */,
			);
			path = Views;
			sourceTree = "<group>";
		};
		E5A2F23323F100FB0068B7D7 /* Data */ = {
			isa = PBXGroup;
			children = (
				E5A2F22F23F0FE020068B7D7 /* JSONDownloader.swift */,
				E5568B6E23F1AA5400A3ACBF /* DarkSkyError.swift */,
				E5582E6B23F1B40D0039F5A8 /* DarkSkyApiClient.swift */,
				E5582E6D23F1BBAC0039F5A8 /* Coordinate.swift */,
			);
			path = Data;
			sourceTree = "<group>";
		};
/* End PBXGroup section */

/* Begin PBXNativeTarget section */
		972470AA20A27F0000050DF7 /* Stormy */ = {
			isa = PBXNativeTarget;
			buildConfigurationList = 972470BD20A27F0100050DF7 /* Build configuration list for PBXNativeTarget "Stormy" */;
			buildPhases = (
				972470A720A27F0000050DF7 /* Sources */,
				972470A820A27F0000050DF7 /* Frameworks */,
				972470A920A27F0000050DF7 /* Resources */,
			);
			buildRules = (
			);
			dependencies = (
			);
			name = Stormy;
			productName = Stormy;
			productReference = 972470AB20A27F0000050DF7 /* Stormy.app */;
			productType = "com.apple.product-type.application";
		};
/* End PBXNativeTarget section */

/* Begin PBXProject section */
		972470A320A27F0000050DF7 /* Project object */ = {
			isa = PBXProject;
			attributes = {
				LastSwiftUpdateCheck = 0930;
				LastUpgradeCheck = 0930;
				ORGANIZATIONNAME = syntaks.io;
				TargetAttributes = {
					972470AA20A27F0000050DF7 = {
						CreatedOnToolsVersion = 9.3;
						LastSwiftMigration = 1130;
					};
				};
			};
			buildConfigurationList = 972470A620A27F0000050DF7 /* Build configuration list for PBXProject "Stormy" */;
			compatibilityVersion = "Xcode 9.3";
			developmentRegion = en;
			hasScannedForEncodings = 0;
			knownRegions = (
				en,
				Base,
			);
			mainGroup = 972470A220A27F0000050DF7;
			productRefGroup = 972470AC20A27F0000050DF7 /* Products */;
			projectDirPath = "";
			projectRoot = "";
			targets = (
				972470AA20A27F0000050DF7 /* Stormy */,
			);
		};
/* End PBXProject section */

/* Begin PBXResourcesBuildPhase section */
		972470A920A27F0000050DF7 /* Resources */ = {
			isa = PBXResourcesBuildPhase;
			buildActionMask = 2147483647;
			files = (
				972470B920A27F0100050DF7 /* LaunchScreen.storyboard in Resources */,
				972470B620A27F0100050DF7 /* Assets.xcassets in Resources */,
				972470B420A27F0000050DF7 /* Main.storyboard in Resources */,
			);
			runOnlyForDeploymentPostprocessing = 0;
		};
/* End PBXResourcesBuildPhase section */

/* Begin PBXSourcesBuildPhase section */
		972470A720A27F0000050DF7 /* Sources */ = {
			isa = PBXSourcesBuildPhase;
			buildActionMask = 2147483647;
			files = (
				972470B120A27F0000050DF7 /* ViewController.swift in Sources */,
				E5A2F22A23F0D97C0068B7D7 /* CurrentWeather.swift in Sources */,
				E5568B6F23F1AA5400A3ACBF /* DarkSkyError.swift in Sources */,
				E5582E6E23F1BBAC0039F5A8 /* Coordinate.swift in Sources */,
				E5582E6C23F1B40D0039F5A8 /* DarkSkyApiClient.swift in Sources */,
				E5A2F23023F0FE020068B7D7 /* JSONDownloader.swift in Sources */,
				972470AF20A27F0000050DF7 /* AppDelegate.swift in Sources */,
				E5A2F22E23F0DD7A0068B7D7 /* CurrentWeatherViewModel.swift in Sources */,
			);
			runOnlyForDeploymentPostprocessing = 0;
		};
/* End PBXSourcesBuildPhase section */

/* Begin PBXVariantGroup section */
		972470B220A27F0000050DF7 /* Main.storyboard */ = {
			isa = PBXVariantGroup;
			children = (
				972470B320A27F0000050DF7 /* Base */,
			);
			name = Main.storyboard;
			sourceTree = "<group>";
		};
		972470B720A27F0100050DF7 /* LaunchScreen.storyboard */ = {
			isa = PBXVariantGroup;
			children = (
				972470B820A27F0100050DF7 /* Base */,
			);
			name = LaunchScreen.storyboard;
			sourceTree = "<group>";
		};
/* End PBXVariantGroup section */

/* Begin XCBuildConfiguration section */
		972470BB20A27F0100050DF7 /* Debug */ = {
			isa = XCBuildConfiguration;
			buildSettings = {
				ALWAYS_SEARCH_USER_PATHS = NO;
				CLANG_ANALYZER_NONNULL = YES;
				CLANG_ANALYZER_NUMBER_OBJECT_CONVERSION = YES_AGGRESSIVE;
				CLANG_CXX_LANGUAGE_STANDARD = "gnu++14";
				CLANG_CXX_LIBRARY = "libc++";
				CLANG_ENABLE_MODULES = YES;
				CLANG_ENABLE_OBJC_ARC = YES;
				CLANG_ENABLE_OBJC_WEAK = YES;
				CLANG_WARN_BLOCK_CAPTURE_AUTORELEASING = YES;
				CLANG_WARN_BOOL_CONVERSION = YES;
				CLANG_WARN_COMMA = YES;
				CLANG_WARN_CONSTANT_CONVERSION = YES;
				CLANG_WARN_DEPRECATED_OBJC_IMPLEMENTATIONS = YES;
				CLANG_WARN_DIRECT_OBJC_ISA_USAGE = YES_ERROR;
				CLANG_WARN_DOCUMENTATION_COMMENTS = YES;
				CLANG_WARN_EMPTY_BODY = YES;
				CLANG_WARN_ENUM_CONVERSION = YES;
				CLANG_WARN_INFINITE_RECURSION = YES;
				CLANG_WARN_INT_CONVERSION = YES;
				CLANG_WARN_NON_LITERAL_NULL_CONVERSION = YES;
				CLANG_WARN_OBJC_IMPLICIT_RETAIN_SELF = YES;
				CLANG_WARN_OBJC_LITERAL_CONVERSION = YES;
				CLANG_WARN_OBJC_ROOT_CLASS = YES_ERROR;
				CLANG_WARN_RANGE_LOOP_ANALYSIS = YES;
				CLANG_WARN_STRICT_PROTOTYPES = YES;
				CLANG_WARN_SUSPICIOUS_MOVE = YES;
				CLANG_WARN_UNGUARDED_AVAILABILITY = YES_AGGRESSIVE;
				CLANG_WARN_UNREACHABLE_CODE = YES;
				CLANG_WARN__DUPLICATE_METHOD_MATCH = YES;
				CODE_SIGN_IDENTITY = "iPhone Developer";
				COPY_PHASE_STRIP = NO;
				DEBUG_INFORMATION_FORMAT = dwarf;
				ENABLE_STRICT_OBJC_MSGSEND = YES;
				ENABLE_TESTABILITY = YES;
				GCC_C_LANGUAGE_STANDARD = gnu11;
				GCC_DYNAMIC_NO_PIC = NO;
				GCC_NO_COMMON_BLOCKS = YES;
				GCC_OPTIMIZATION_LEVEL = 0;
				GCC_PREPROCESSOR_DEFINITIONS = (
					"DEBUG=1",
					"$(inherited)",
				);
				GCC_WARN_64_TO_32_BIT_CONVERSION = YES;
				GCC_WARN_ABOUT_RETURN_TYPE = YES_ERROR;
				GCC_WARN_UNDECLARED_SELECTOR = YES;
				GCC_WARN_UNINITIALIZED_AUTOS = YES_AGGRESSIVE;
				GCC_WARN_UNUSED_FUNCTION = YES;
				GCC_WARN_UNUSED_VARIABLE = YES;
				IPHONEOS_DEPLOYMENT_TARGET = 11.3;
				MTL_ENABLE_DEBUG_INFO = YES;
				ONLY_ACTIVE_ARCH = YES;
				SDKROOT = iphoneos;
				SWIFT_ACTIVE_COMPILATION_CONDITIONS = DEBUG;
				SWIFT_OPTIMIZATION_LEVEL = "-Onone";
			};
			name = Debug;
		};
		972470BC20A27F0100050DF7 /* Release */ = {
			isa = XCBuildConfiguration;
			buildSettings = {
				ALWAYS_SEARCH_USER_PATHS = NO;
				CLANG_ANALYZER_NONNULL = YES;
				CLANG_ANALYZER_NUMBER_OBJECT_CONVERSION = YES_AGGRESSIVE;
				CLANG_CXX_LANGUAGE_STANDARD = "gnu++14";
				CLANG_CXX_LIBRARY = "libc++";
				CLANG_ENABLE_MODULES = YES;
				CLANG_ENABLE_OBJC_ARC = YES;
				CLANG_ENABLE_OBJC_WEAK = YES;
				CLANG_WARN_BLOCK_CAPTURE_AUTORELEASING = YES;
				CLANG_WARN_BOOL_CONVERSION = YES;
				CLANG_WARN_COMMA = YES;
				CLANG_WARN_CONSTANT_CONVERSION = YES;
				CLANG_WARN_DEPRECATED_OBJC_IMPLEMENTATIONS = YES;
				CLANG_WARN_DIRECT_OBJC_ISA_USAGE = YES_ERROR;
				CLANG_WARN_DOCUMENTATION_COMMENTS = YES;
				CLANG_WARN_EMPTY_BODY = YES;
				CLANG_WARN_ENUM_CONVERSION = YES;
				CLANG_WARN_INFINITE_RECURSION = YES;
				CLANG_WARN_INT_CONVERSION = YES;
				CLANG_WARN_NON_LITERAL_NULL_CONVERSION = YES;
				CLANG_WARN_OBJC_IMPLICIT_RETAIN_SELF = YES;
				CLANG_WARN_OBJC_LITERAL_CONVERSION = YES;
				CLANG_WARN_OBJC_ROOT_CLASS = YES_ERROR;
				CLANG_WARN_RANGE_LOOP_ANALYSIS = YES;
				CLANG_WARN_STRICT_PROTOTYPES = YES;
				CLANG_WARN_SUSPICIOUS_MOVE = YES;
				CLANG_WARN_UNGUARDED_AVAILABILITY = YES_AGGRESSIVE;
				CLANG_WARN_UNREACHABLE_CODE = YES;
				CLANG_WARN__DUPLICATE_METHOD_MATCH = YES;
				CODE_SIGN_IDENTITY = "iPhone Developer";
				COPY_PHASE_STRIP = NO;
				DEBUG_INFORMATION_FORMAT = "dwarf-with-dsym";
				ENABLE_NS_ASSERTIONS = NO;
				ENABLE_STRICT_OBJC_MSGSEND = YES;
				GCC_C_LANGUAGE_STANDARD = gnu11;
				GCC_NO_COMMON_BLOCKS = YES;
				GCC_WARN_64_TO_32_BIT_CONVERSION = YES;
				GCC_WARN_ABOUT_RETURN_TYPE = YES_ERROR;
				GCC_WARN_UNDECLARED_SELECTOR = YES;
				GCC_WARN_UNINITIALIZED_AUTOS = YES_AGGRESSIVE;
				GCC_WARN_UNUSED_FUNCTION = YES;
				GCC_WARN_UNUSED_VARIABLE = YES;
				IPHONEOS_DEPLOYMENT_TARGET = 11.3;
				MTL_ENABLE_DEBUG_INFO = NO;
				SDKROOT = iphoneos;
				SWIFT_COMPILATION_MODE = wholemodule;
				SWIFT_OPTIMIZATION_LEVEL = "-O";
				VALIDATE_PRODUCT = YES;
			};
			name = Release;
		};
		972470BE20A27F0100050DF7 /* Debug */ = {
			isa = XCBuildConfiguration;
			buildSettings = {
				ASSETCATALOG_COMPILER_APPICON_NAME = AppIcon;
				CODE_SIGN_STYLE = Automatic;
				DEVELOPMENT_TEAM = 5B74F682NG;
				INFOPLIST_FILE = Stormy/Info.plist;
				LD_RUNPATH_SEARCH_PATHS = (
					"$(inherited)",
					"@executable_path/Frameworks",
				);
				PRODUCT_BUNDLE_IDENTIFIER = io.syntaks.swiftstormyapp;
				PRODUCT_NAME = "$(TARGET_NAME)";
				SWIFT_VERSION = 5.0;
				TARGETED_DEVICE_FAMILY = "1,2";
			};
			name = Debug;
		};
		972470BF20A27F0100050DF7 /* Release */ = {
			isa = XCBuildConfiguration;
			buildSettings = {
				ASSETCATALOG_COMPILER_APPICON_NAME = AppIcon;
				CODE_SIGN_STYLE = Automatic;
				DEVELOPMENT_TEAM = 5B74F682NG;
				INFOPLIST_FILE = Stormy/Info.plist;
				LD_RUNPATH_SEARCH_PATHS = (
					"$(inherited)",
					"@executable_path/Frameworks",
				);
				PRODUCT_BUNDLE_IDENTIFIER = io.syntaks.swiftstormyapp;
				PRODUCT_NAME = "$(TARGET_NAME)";
				SWIFT_VERSION = 5.0;
				TARGETED_DEVICE_FAMILY = "1,2";
			};
			name = Release;
		};
/* End XCBuildConfiguration section */

/* Begin XCConfigurationList section */
		972470A620A27F0000050DF7 /* Build configuration list for PBXProject "Stormy" */ = {
			isa = XCConfigurationList;
			buildConfigurations = (
				972470BB20A27F0100050DF7 /* Debug */,
				972470BC20A27F0100050DF7 /* Release */,
			);
			defaultConfigurationIsVisible = 0;
			defaultConfigurationName = Release;
		};
		972470BD20A27F0100050DF7 /* Build configuration list for PBXNativeTarget "Stormy" */ = {
			isa = XCConfigurationList;
			buildConfigurations = (
				972470BE20A27F0100050DF7 /* Debug */,
				972470BF20A27F0100050DF7 /* Release */,
			);
			defaultConfigurationIsVisible = 0;
			defaultConfigurationName = Release;
		};
/* End XCConfigurationList section */
	};
	rootObject = 972470A320A27F0000050DF7 /* Project object */;
}
